{
  "name": "quorumgate",
  "version": "0.0.0",
  "lockfileVersion": 3,
  "requires": true,
  "packages": {
    "": {
      "name": "quorumgate",
      "version": "0.0.0",
      "license": "Apache-2.0",
      "workspaces": [
        "packages/*"
      ],
      "engines": {
        "node": ">=20"
      }
    },
    "node_modules/@quorumgate/core": {
      "resolved": "packages/core",
      "link": true
    },
    "node_modules/@quorumgate/p2p-review": {
      "resolved": "packages/p2p-review",
      "link": true
    },
    "node_modules/@quorumgate/qvac-pipeline": {
      "resolved": "packages/qvac-pipeline",
      "link": true
    },
    "node_modules/@quorumgate/ui": {
      "resolved": "packages/ui",
      "link": true
    },
    "packages/core": {
      "name": "@quorumgate/core",
      "version": "0.0.0",
      "license": "Apache-2.0"
    },
    "packages/p2p-review": {
      "name": "@quorumgate/p2p-review",
      "version": "0.0.0",
      "license": "Apache-2.0"
    },
    "packages/qvac-pipeline": {
      "name": "@quorumgate/qvac-pipeline",
      "version": "0.0.0",
      "license": "Apache-2.0",
      "dependencies": {
        "@quorumgate/core": "*"
      }
    },
    "packages/ui": {
      "name": "@quorumgate/ui",
      "version": "0.0.0",
      "license": "Apache-2.0"
    }
  }
}
